
Microsoft Visual Studio Solution File, Format Version 12.00
# Visual Studio 15
VisualStudioVersion = 15.0.27130.2027
MinimumVisualStudioVersion = 10.0.40219.1
Project("{FAE04EC0-301F-11D3-BF4B-00C04F79EFBC}") = "Lab2(2)", "Lab2(2)\Lab2(2).csproj", "{93E831E8-3BC9-42AA-AE1F-04361FEEEE9A}"
EndProject
Project("{FAE04EC0-301F-11D3-BF4B-00C04F79EFBC}") = "DBManager", "DBManager\DBManager.csproj", "{A684C519-BFA3-4C7A-8461-29B1FA72F467}"
EndProject
Global
	GlobalSection(SolutionConfigurationPlatforms) = preSolution
		Debug|Any CPU = Debug|Any CPU
		Release|Any CPU = Release|Any CPU
	EndGlobalSection
	GlobalSection(ProjectConfigurationPlatforms) = postSolution
		{93E831E8-3BC9-42AA-AE1F-04361FEEEE9A}.Debug|Any CPU.ActiveCfg = Debug|Any CPU
		{93E831E8-3BC9-42AA-AE1F-04361FEEEE9A}.Debug|Any CPU.Build.0 = Debug|Any CPU
		{93E831E8-3BC9-42AA-AE1F-04361FEEEE9A}.Release|Any CPU.ActiveCfg = Release|Any CPU
		{93E831E8-3BC9-42AA-AE1F-04361FEEEE9A}.Release|Any CPU.Build.0 = Release|Any CPU
		{A684C519-BFA3-4C7A-8461-29B1FA72F467}.Debug|Any CPU.ActiveCfg = Debug|Any CPU
		{A684C519-BFA3-4C7A-8461-29B1FA72F467}.Debug|Any CPU.Build.0 = Debug|Any CPU
		{A684C519-BFA3-4C7A-8461-29B1FA72F467}.Release|Any CPU.ActiveCfg = Release|Any CPU
		{A684C519-BFA3-4C7A-8461-29B1FA72F467}.Release|Any CPU.Build.0 = Release|Any CPU
	EndGlobalSection
	GlobalSection(SolutionProperties) = preSolution
		HideSolutionNode = FALSE
	EndGlobalSection
	GlobalSection(ExtensibilityGlobals) = postSolution
		SolutionGuid = {2AAB1D25-2D0D-4337-B98C-E50F325BA11B}
	EndGlobalSection
EndGlobal
